// !$*UTF8*$!
{
	archiveVersion = 1;
	classes = {
	};
	objectVersion = 56;
	objects = {

/* Begin PBXBuildFile section */
		CE62EB5F2B64027D005864CC /* HeadWayTestAppApp.swift in Sources */ = {isa = PBXBuildFile; fileRef = CE62EB5E2B64027D005864CC /* HeadWayTestAppApp.swift */; };
		CE62EB612B64027D005864CC /* BookListeningView.swift in Sources */ = {isa = PBXBuildFile; fileRef = CE62EB602B64027D005864CC /* BookListeningView.swift */; };
		CE62EB632B640280005864CC /* Assets.xcassets in Resources */ = {isa = PBXBuildFile; fileRef = CE62EB622B640280005864CC /* Assets.xcassets */; };
		CE62EB662B640280005864CC /* Preview Assets.xcassets in Resources */ = {isa = PBXBuildFile; fileRef = CE62EB652B640280005864CC /* Preview Assets.xcassets */; };
		CE62EB702B640281005864CC /* HeadWayTestAppTests.swift in Sources */ = {isa = PBXBuildFile; fileRef = CE62EB6F2B640281005864CC /* HeadWayTestAppTests.swift */; };
		CE62EB7A2B640281005864CC /* HeadWayTestAppUITests.swift in Sources */ = {isa = PBXBuildFile; fileRef = CE62EB792B640281005864CC /* HeadWayTestAppUITests.swift */; };
		CE62EB7C2B640281005864CC /* HeadWayTestAppUITestsLaunchTests.swift in Sources */ = {isa = PBXBuildFile; fileRef = CE62EB7B2B640281005864CC /* HeadWayTestAppUITestsLaunchTests.swift */; };
		CE62EB8A2B6534DB005864CC /* ListeningModeToggleStyle.swift in Sources */ = {isa = PBXBuildFile; fileRef = CE62EB892B6534DB005864CC /* ListeningModeToggleStyle.swift */; };
		CE62EB8D2B66724B005864CC /* ComposableArchitecture in Frameworks */ = {isa = PBXBuildFile; productRef = CE62EB8C2B66724B005864CC /* ComposableArchitecture */; };
		CE62EB8F2B66741E005864CC /* BookListeningFeature.swift in Sources */ = {isa = PBXBuildFile; fileRef = CE62EB8E2B66741E005864CC /* BookListeningFeature.swift */; };
/* End PBXBuildFile section */

/* Begin PBXContainerItemProxy section */
		CE62EB6C2B640281005864CC /* PBXContainerItemProxy */ = {
			isa = PBXContainerItemProxy;
			containerPortal = CE62EB532B64027D005864CC /* Project object */;
			proxyType = 1;
			remoteGlobalIDString = CE62EB5A2B64027D005864CC;
			remoteInfo = HeadWayTestApp;
		};
		CE62EB762B640281005864CC /* PBXContainerItemProxy */ = {
			isa = PBXContainerItemProxy;
			containerPortal = CE62EB532B64027D005864CC /* Project object */;
			proxyType = 1;
			remoteGlobalIDString = CE62EB5A2B64027D005864CC;
			remoteInfo = HeadWayTestApp;
		};
/* End PBXContainerItemProxy section */

/* Begin PBXFileReference section */
		CE62EB5B2B64027D005864CC /* HeadWayTestApp.app */ = {isa = PBXFileReference; explicitFileType = wrapper.application; includeInIndex = 0; path = HeadWayTestApp.app; sourceTree = BUILT_PRODUCTS_DIR; };
		CE62EB5E2B64027D005864CC /* HeadWayTestAppApp.swift */ = {isa = PBXFileReference; lastKnownFileType = sourcecode.swift; path = HeadWayTestAppApp.swift; sourceTree = "<group>"; };
		CE62EB602B64027D005864CC /* BookListeningView.swift */ = {isa = PBXFileReference; lastKnownFileType = sourcecode.swift; path = BookListeningView.swift; sourceTree = "<group>"; };
		CE62EB622B640280005864CC /* Assets.xcassets */ = {isa = PBXFileReference; lastKnownFileType = folder.assetcatalog; path = Assets.xcassets; sourceTree = "<group>"; };
		CE62EB652B640280005864CC /* Preview Assets.xcassets */ = {isa = PBXFileReference; lastKnownFileType = folder.assetcatalog; path = "Preview Assets.xcassets"; sourceTree = "<group>"; };
		CE62EB6B2B640281005864CC /* HeadWayTestAppTests.xctest */ = {isa = PBXFileReference; explicitFileType = wrapper.cfbundle; includeInIndex = 0; path = HeadWayTestAppTests.xctest; sourceTree = BUILT_PRODUCTS_DIR; };
		CE62EB6F2B640281005864CC /* HeadWayTestAppTests.swift */ = {isa = PBXFileReference; lastKnownFileType = sourcecode.swift; path = HeadWayTestAppTests.swift; sourceTree = "<group>"; };
		CE62EB752B640281005864CC /* HeadWayTestAppUITests.xctest */ = {isa = PBXFileReference; explicitFileType = wrapper.cfbundle; includeInIndex = 0; path = HeadWayTestAppUITests.xctest; sourceTree = BUILT_PRODUCTS_DIR; };
		CE62EB792B640281005864CC /* HeadWayTestAppUITests.swift */ = {isa = PBXFileReference; lastKnownFileType = sourcecode.swift; path = HeadWayTestAppUITests.swift; sourceTree = "<group>"; };
		CE62EB7B2B640281005864CC /* HeadWayTestAppUITestsLaunchTests.swift */ = {isa = PBXFileReference; lastKnownFileType = sourcecode.swift; path = HeadWayTestAppUITestsLaunchTests.swift; sourceTree = "<group>"; };
		CE62EB892B6534DB005864CC /* ListeningModeToggleStyle.swift */ = {isa = PBXFileReference; lastKnownFileType = sourcecode.swift; path = ListeningModeToggleStyle.swift; sourceTree = "<group>"; };
		CE62EB8E2B66741E005864CC /* BookListeningFeature.swift */ = {isa = PBXFileReference; lastKnownFileType = sourcecode.swift; path = BookListeningFeature.swift; sourceTree = "<group>"; };
/* End PBXFileReference section */

/* Begin PBXFrameworksBuildPhase section */
		CE62EB582B64027D005864CC /* Frameworks */ = {
			isa = PBXFrameworksBuildPhase;
			buildActionMask = 2147483647;
			files = (
				CE62EB8D2B66724B005864CC /* ComposableArchitecture in Frameworks */,
			);
			runOnlyForDeploymentPostprocessing = 0;
		};
		CE62EB682B640281005864CC /* Frameworks */ = {
			isa = PBXFrameworksBuildPhase;
			buildActionMask = 2147483647;
			files = (
			);
			runOnlyForDeploymentPostprocessing = 0;
		};
		CE62EB722B640281005864CC /* Frameworks */ = {
			isa = PBXFrameworksBuildPhase;
			buildActionMask = 2147483647;
			files = (
			);
			runOnlyForDeploymentPostprocessing = 0;
		};
/* End PBXFrameworksBuildPhase section */

/* Begin PBXGroup section */
		CE62EB522B64027D005864CC = {
			isa = PBXGroup;
			children = (
				CE62EB5D2B64027D005864CC /* HeadWayTestApp */,
				CE62EB6E2B640281005864CC /* HeadWayTestAppTests */,
				CE62EB782B640281005864CC /* HeadWayTestAppUITests */,
				CE62EB5C2B64027D005864CC /* Products */,
			);
			sourceTree = "<group>";
		};
		CE62EB5C2B64027D005864CC /* Products */ = {
			isa = PBXGroup;
			children = (
				CE62EB5B2B64027D005864CC /* HeadWayTestApp.app */,
				CE62EB6B2B640281005864CC /* HeadWayTestAppTests.xctest */,
				CE62EB752B640281005864CC /* HeadWayTestAppUITests.xctest */,
			);
			name = Products;
			sourceTree = "<group>";
		};
		CE62EB5D2B64027D005864CC /* HeadWayTestApp */ = {
			isa = PBXGroup;
			children = (
				CE62EB882B6530D9005864CC /* BookListeningScreen */,
				CE62EB5E2B64027D005864CC /* HeadWayTestAppApp.swift */,
				CE62EB622B640280005864CC /* Assets.xcassets */,
				CE62EB642B640280005864CC /* Preview Content */,
			);
			path = HeadWayTestApp;
			sourceTree = "<group>";
		};
		CE62EB642B640280005864CC /* Preview Content */ = {
			isa = PBXGroup;
			children = (
				CE62EB652B640280005864CC /* Preview Assets.xcassets */,
			);
			path = "Preview Content";
			sourceTree = "<group>";
		};
		CE62EB6E2B640281005864CC /* HeadWayTestAppTests */ = {
			isa = PBXGroup;
			children = (
				CE62EB6F2B640281005864CC /* HeadWayTestAppTests.swift */,
			);
			path = HeadWayTestAppTests;
			sourceTree = "<group>";
		};
		CE62EB782B640281005864CC /* HeadWayTestAppUITests */ = {
			isa = PBXGroup;
			children = (
				CE62EB792B640281005864CC /* HeadWayTestAppUITests.swift */,
				CE62EB7B2B640281005864CC /* HeadWayTestAppUITestsLaunchTests.swift */,
			);
			path = HeadWayTestAppUITests;
			sourceTree = "<group>";
		};
		CE62EB882B6530D9005864CC /* BookListeningScreen */ = {
			isa = PBXGroup;
			children = (
				CE62EB602B64027D005864CC /* BookListeningView.swift */,
				CE62EB892B6534DB005864CC /* ListeningModeToggleStyle.swift */,
				CE62EB8E2B66741E005864CC /* BookListeningFeature.swift */,
			);
			path = BookListeningScreen;
			sourceTree = "<group>";
		};
/* End PBXGroup section */

/* Begin PBXNativeTarget section */
		CE62EB5A2B64027D005864CC /* HeadWayTestApp */ = {
			isa = PBXNativeTarget;
			buildConfigurationList = CE62EB7F2B640281005864CC /* Build configuration list for PBXNativeTarget "HeadWayTestApp" */;
			buildPhases = (
				CE62EB572B64027D005864CC /* Sources */,
				CE62EB582B64027D005864CC /* Frameworks */,
				CE62EB592B64027D005864CC /* Resources */,
			);
			buildRules = (
			);
			dependencies = (
			);
			name = HeadWayTestApp;
			packageProductDependencies = (
				CE62EB8C2B66724B005864CC /* ComposableArchitecture */,
			);
			productName = HeadWayTestApp;
			productReference = CE62EB5B2B64027D005864CC /* HeadWayTestApp.app */;
			productType = "com.apple.product-type.application";
		};
		CE62EB6A2B640281005864CC /* HeadWayTestAppTests */ = {
			isa = PBXNativeTarget;
			buildConfigurationList = CE62EB822B640281005864CC /* Build configuration list for PBXNativeTarget "HeadWayTestAppTests" */;
			buildPhases = (
				CE62EB672B640281005864CC /* Sources */,
				CE62EB682B640281005864CC /* Frameworks */,
				CE62EB692B640281005864CC /* Resources */,
			);
			buildRules = (
			);
			dependencies = (
				CE62EB6D2B640281005864CC /* PBXTargetDependency */,
			);
			name = HeadWayTestAppTests;
			productName = HeadWayTestAppTests;
			productReference = CE62EB6B2B640281005864CC /* HeadWayTestAppTests.xctest */;
			productType = "com.apple.product-type.bundle.unit-test";
		};
		CE62EB742B640281005864CC /* HeadWayTestAppUITests */ = {
			isa = PBXNativeTarget;
			buildConfigurationList = CE62EB852B640281005864CC /* Build configuration list for PBXNativeTarget "HeadWayTestAppUITests" */;
			buildPhases = (
				CE62EB712B640281005864CC /* Sources */,
				CE62EB722B640281005864CC /* Frameworks */,
				CE62EB732B640281005864CC /* Resources */,
			);
			buildRules = (
			);
			dependencies = (
				CE62EB772B640281005864CC /* PBXTargetDependency */,
			);
			name = HeadWayTestAppUITests;
			productName = HeadWayTestAppUITests;
			productReference = CE62EB752B640281005864CC /* HeadWayTestAppUITests.xctest */;
			productType = "com.apple.product-type.bundle.ui-testing";
		};
/* End PBXNativeTarget section */

/* Begin PBXProject section */
		CE62EB532B64027D005864CC /* Project object */ = {
			isa = PBXProject;
			attributes = {
				BuildIndependentTargetsInParallel = 1;
				LastSwiftUpdateCheck = 1520;
				LastUpgradeCheck = 1520;
				TargetAttributes = {
					CE62EB5A2B64027D005864CC = {
						CreatedOnToolsVersion = 15.2;
					};
					CE62EB6A2B640281005864CC = {
						CreatedOnToolsVersion = 15.2;
						TestTargetID = CE62EB5A2B64027D005864CC;
					};
					CE62EB742B640281005864CC = {
						CreatedOnToolsVersion = 15.2;
						TestTargetID = CE62EB5A2B64027D005864CC;
					};
				};
			};
			buildConfigurationList = CE62EB562B64027D005864CC /* Build configuration list for PBXProject "HeadWayTestApp" */;
			compatibilityVersion = "Xcode 14.0";
			developmentRegion = en;
			hasScannedForEncodings = 0;
			knownRegions = (
				en,
				Base,
			);
			mainGroup = CE62EB522B64027D005864CC;
			packageReferences = (
				CE62EB8B2B66724B005864CC /* XCRemoteSwiftPackageReference "swift-composable-architecture" */,
			);
			productRefGroup = CE62EB5C2B64027D005864CC /* Products */;
			projectDirPath = "";
			projectRoot = "";
			targets = (
				CE62EB5A2B64027D005864CC /* HeadWayTestApp */,
				CE62EB6A2B640281005864CC /* HeadWayTestAppTests */,
				CE62EB742B640281005864CC /* HeadWayTestAppUITests */,
			);
		};
/* End PBXProject section */

/* Begin PBXResourcesBuildPhase section */
		CE62EB592B64027D005864CC /* Resources */ = {
			isa = PBXResourcesBuildPhase;
			buildActionMask = 2147483647;
			files = (
				CE62EB662B640280005864CC /* Preview Assets.xcassets in Resources */,
				CE62EB632B640280005864CC /* Assets.xcassets in Resources */,
			);
			runOnlyForDeploymentPostprocessing = 0;
		};
		CE62EB692B640281005864CC /* Resources */ = {
			isa = PBXResourcesBuildPhase;
			buildActionMask = 2147483647;
			files = (
			);
			runOnlyForDeploymentPostprocessing = 0;
		};
		CE62EB732B640281005864CC /* Resources */ = {
			isa = PBXResourcesBuildPhase;
			buildActionMask = 2147483647;
			files = (
			);
			runOnlyForDeploymentPostprocessing = 0;
		};
/* End PBXResourcesBuildPhase section */

/* Begin PBXSourcesBuildPhase section */
		CE62EB572B64027D005864CC /* Sources */ = {
			isa = PBXSourcesBuildPhase;
			buildActionMask = 2147483647;
			files = (
				CE62EB612B64027D005864CC /* BookListeningView.swift in Sources */,
				CE62EB8F2B66741E005864CC /* BookListeningFeature.swift in Sources */,
				CE62EB8A2B6534DB005864CC /* ListeningModeToggleStyle.swift in Sources */,
				CE62EB5F2B64027D005864CC /* HeadWayTestAppApp.swift in Sources */,
			);
			runOnlyForDeploymentPostprocessing = 0;
		};
		CE62EB672B640281005864CC /* Sources */ = {
			isa = PBXSourcesBuildPhase;
			buildActionMask = 2147483647;
			files = (
				CE62EB702B640281005864CC /* HeadWayTestAppTests.swift in Sources */,
			);
			runOnlyForDeploymentPostprocessing = 0;
		};
		CE62EB712B640281005864CC /* Sources */ = {
			isa = PBXSourcesBuildPhase;
			buildActionMask = 2147483647;
			files = (
				CE62EB7C2B640281005864CC /* HeadWayTestAppUITestsLaunchTests.swift in Sources */,
				CE62EB7A2B640281005864CC /* HeadWayTestAppUITests.swift in Sources */,
			);
			runOnlyForDeploymentPostprocessing = 0;
		};
/* End PBXSourcesBuildPhase section */

/* Begin PBXTargetDependency section */
		CE62EB6D2B640281005864CC /* PBXTargetDependency */ = {
			isa = PBXTargetDependency;
			target = CE62EB5A2B64027D005864CC /* HeadWayTestApp */;
			targetProxy = CE62EB6C2B640281005864CC /* PBXContainerItemProxy */;
		};
		CE62EB772B640281005864CC /* PBXTargetDependency */ = {
			isa = PBXTargetDependency;
			target = CE62EB5A2B64027D005864CC /* HeadWayTestApp */;
			targetProxy = CE62EB762B640281005864CC /* PBXContainerItemProxy */;
		};
/* End PBXTargetDependency section */

/* Begin XCBuildConfiguration section */
		CE62EB7D2B640281005864CC /* Debug */ = {
			isa = XCBuildConfiguration;
			buildSettings = {
				ALWAYS_SEARCH_USER_PATHS = NO;
				ASSETCATALOG_COMPILER_GENERATE_SWIFT_ASSET_SYMBOL_EXTENSIONS = YES;
				CLANG_ANALYZER_NONNULL = YES;
				CLANG_ANALYZER_NUMBER_OBJECT_CONVERSION = YES_AGGRESSIVE;
				CLANG_CXX_LANGUAGE_STANDARD = "gnu++20";
				CLANG_ENABLE_MODULES = YES;
				CLANG_ENABLE_OBJC_ARC = YES;
				CLANG_ENABLE_OBJC_WEAK = YES;
				CLANG_WARN_BLOCK_CAPTURE_AUTORELEASING = YES;
				CLANG_WARN_BOOL_CONVERSION = YES;
				CLANG_WARN_COMMA = YES;
				CLANG_WARN_CONSTANT_CONVERSION = YES;
				CLANG_WARN_DEPRECATED_OBJC_IMPLEMENTATIONS = YES;
				CLANG_WARN_DIRECT_OBJC_ISA_USAGE = YES_ERROR;
				CLANG_WARN_DOCUMENTATION_COMMENTS = YES;
				CLANG_WARN_EMPTY_BODY = YES;
				CLANG_WARN_ENUM_CONVERSION = YES;
				CLANG_WARN_INFINITE_RECURSION = YES;
				CLANG_WARN_INT_CONVERSION = YES;
				CLANG_WARN_NON_LITERAL_NULL_CONVERSION = YES;
				CLANG_WARN_OBJC_IMPLICIT_RETAIN_SELF = YES;
				CLANG_WARN_OBJC_LITERAL_CONVERSION = YES;
				CLANG_WARN_OBJC_ROOT_CLASS = YES_ERROR;
				CLANG_WARN_QUOTED_INCLUDE_IN_FRAMEWORK_HEADER = YES;
				CLANG_WARN_RANGE_LOOP_ANALYSIS = YES;
				CLANG_WARN_STRICT_PROTOTYPES = YES;
				CLANG_WARN_SUSPICIOUS_MOVE = YES;
				CLANG_WARN_UNGUARDED_AVAILABILITY = YES_AGGRESSIVE;
				CLANG_WARN_UNREACHABLE_CODE = YES;
				CLANG_WARN__DUPLICATE_METHOD_MATCH = YES;
				COPY_PHASE_STRIP = NO;
				DEBUG_INFORMATION_FORMAT = dwarf;
				ENABLE_STRICT_OBJC_MSGSEND = YES;
				ENABLE_TESTABILITY = YES;
				ENABLE_USER_SCRIPT_SANDBOXING = YES;
				GCC_C_LANGUAGE_STANDARD = gnu17;
				GCC_DYNAMIC_NO_PIC = NO;
				GCC_NO_COMMON_BLOCKS = YES;
				GCC_OPTIMIZATION_LEVEL = 0;
				GCC_PREPROCESSOR_DEFINITIONS = (
					"DEBUG=1",
					"$(inherited)",
				);
				GCC_WARN_64_TO_32_BIT_CONVERSION = YES;
				GCC_WARN_ABOUT_RETURN_TYPE = YES_ERROR;
				GCC_WARN_UNDECLARED_SELECTOR = YES;
				GCC_WARN_UNINITIALIZED_AUTOS = YES_AGGRESSIVE;
				GCC_WARN_UNUSED_FUNCTION = YES;
				GCC_WARN_UNUSED_VARIABLE = YES;
				IPHONEOS_DEPLOYMENT_TARGET = 17.2;
				LOCALIZATION_PREFERS_STRING_CATALOGS = YES;
				MTL_ENABLE_DEBUG_INFO = INCLUDE_SOURCE;
				MTL_FAST_MATH = YES;
				ONLY_ACTIVE_ARCH = YES;
				SDKROOT = iphoneos;
				SWIFT_ACTIVE_COMPILATION_CONDITIONS = "DEBUG $(inherited)";
				SWIFT_OPTIMIZATION_LEVEL = "-Onone";
			};
			name = Debug;
		};
		CE62EB7E2B640281005864CC /* Release */ = {
			isa = XCBuildConfiguration;
			buildSettings = {
				ALWAYS_SEARCH_USER_PATHS = NO;
				ASSETCATALOG_COMPILER_GENERATE_SWIFT_ASSET_SYMBOL_EXTENSIONS = YES;
				CLANG_ANALYZER_NONNULL = YES;
				CLANG_ANALYZER_NUMBER_OBJECT_CONVERSION = YES_AGGRESSIVE;
				CLANG_CXX_LANGUAGE_STANDARD = "gnu++20";
				CLANG_ENABLE_MODULES = YES;
				CLANG_ENABLE_OBJC_ARC = YES;
				CLANG_ENABLE_OBJC_WEAK = YES;
				CLANG_WARN_BLOCK_CAPTURE_AUTORELEASING = YES;
				CLANG_WARN_BOOL_CONVERSION = YES;
				CLANG_WARN_COMMA = YES;
				CLANG_WARN_CONSTANT_CONVERSION = YES;
				CLANG_WARN_DEPRECATED_OBJC_IMPLEMENTATIONS = YES;
				CLANG_WARN_DIRECT_OBJC_ISA_USAGE = YES_ERROR;
				CLANG_WARN_DOCUMENTATION_COMMENTS = YES;
				CLANG_WARN_EMPTY_BODY = YES;
				CLANG_WARN_ENUM_CONVERSION = YES;
				CLANG_WARN_INFINITE_RECURSION = YES;
				CLANG_WARN_INT_CONVERSION = YES;
				CLANG_WARN_NON_LITERAL_NULL_CONVERSION = YES;
				CLANG_WARN_OBJC_IMPLICIT_RETAIN_SELF = YES;
				CLANG_WARN_OBJC_LITERAL_CONVERSION = YES;
				CLANG_WARN_OBJC_ROOT_CLASS = YES_ERROR;
				CLANG_WARN_QUOTED_INCLUDE_IN_FRAMEWORK_HEADER = YES;
				CLANG_WARN_RANGE_LOOP_ANALYSIS = YES;
				CLANG_WARN_STRICT_PROTOTYPES = YES;
				CLANG_WARN_SUSPICIOUS_MOVE = YES;
				CLANG_WARN_UNGUARDED_AVAILABILITY = YES_AGGRESSIVE;
				CLANG_WARN_UNREACHABLE_CODE = YES;
				CLANG_WARN__DUPLICATE_METHOD_MATCH = YES;
				COPY_PHASE_STRIP = NO;
				DEBUG_INFORMATION_FORMAT = "dwarf-with-dsym";
				ENABLE_NS_ASSERTIONS = NO;
				ENABLE_STRICT_OBJC_MSGSEND = YES;
				ENABLE_USER_SCRIPT_SANDBOXING = YES;
				GCC_C_LANGUAGE_STANDARD = gnu17;
				GCC_NO_COMMON_BLOCKS = YES;
				GCC_WARN_64_TO_32_BIT_CONVERSION = YES;
				GCC_WARN_ABOUT_RETURN_TYPE = YES_ERROR;
				GCC_WARN_UNDECLARED_SELECTOR = YES;
				GCC_WARN_UNINITIALIZED_AUTOS = YES_AGGRESSIVE;
				GCC_WARN_UNUSED_FUNCTION = YES;
				GCC_WARN_UNUSED_VARIABLE = YES;
				IPHONEOS_DEPLOYMENT_TARGET = 17.2;
				LOCALIZATION_PREFERS_STRING_CATALOGS = YES;
				MTL_ENABLE_DEBUG_INFO = NO;
				MTL_FAST_MATH = YES;
				SDKROOT = iphoneos;
				SWIFT_COMPILATION_MODE = wholemodule;
				VALIDATE_PRODUCT = YES;
			};
			name = Release;
		};
		CE62EB802B640281005864CC /* Debug */ = {
			isa = XCBuildConfiguration;
			buildSettings = {
				ASSETCATALOG_COMPILER_APPICON_NAME = AppIcon;
				ASSETCATALOG_COMPILER_GLOBAL_ACCENT_COLOR_NAME = AccentColor;
				CODE_SIGN_STYLE = Automatic;
				CURRENT_PROJECT_VERSION = 1;
				DEVELOPMENT_ASSET_PATHS = "\"HeadWayTestApp/Preview Content\"";
				DEVELOPMENT_TEAM = 459R4453HJ;
				ENABLE_PREVIEWS = YES;
				GENERATE_INFOPLIST_FILE = YES;
				INFOPLIST_KEY_UIApplicationSceneManifest_Generation = YES;
				INFOPLIST_KEY_UIApplicationSupportsIndirectInputEvents = YES;
				INFOPLIST_KEY_UILaunchScreen_Generation = YES;
				INFOPLIST_KEY_UISupportedInterfaceOrientations_iPad = "UIInterfaceOrientationPortrait UIInterfaceOrientationPortraitUpsideDown UIInterfaceOrientationLandscapeLeft UIInterfaceOrientationLandscapeRight";
				INFOPLIST_KEY_UISupportedInterfaceOrientations_iPhone = "UIInterfaceOrientationPortrait UIInterfaceOrientationLandscapeLeft UIInterfaceOrientationLandscapeRight";
				LD_RUNPATH_SEARCH_PATHS = (
					"$(inherited)",
					"@executable_path/Frameworks",
				);
				MARKETING_VERSION = 1.0;
				PRODUCT_BUNDLE_IDENTIFIER = biz.mobidev.HeadWayTestApp;
				PRODUCT_NAME = "$(TARGET_NAME)";
				SWIFT_EMIT_LOC_STRINGS = YES;
				SWIFT_VERSION = 5.0;
				TARGETED_DEVICE_FAMILY = "1,2";
			};
			name = Debug;
		};
		CE62EB812B640281005864CC /* Release */ = {
			isa = XCBuildConfiguration;
			buildSettings = {
				ASSETCATALOG_COMPILER_APPICON_NAME = AppIcon;
				ASSETCATALOG_COMPILER_GLOBAL_ACCENT_COLOR_NAME = AccentColor;
				CODE_SIGN_STYLE = Automatic;
				CURRENT_PROJECT_VERSION = 1;
				DEVELOPMENT_ASSET_PATHS = "\"HeadWayTestApp/Preview Content\"";
				DEVELOPMENT_TEAM = 459R4453HJ;
				ENABLE_PREVIEWS = YES;
				GENERATE_INFOPLIST_FILE = YES;
				INFOPLIST_KEY_UIApplicationSceneManifest_Generation = YES;
				INFOPLIST_KEY_UIApplicationSupportsIndirectInputEvents = YES;
				INFOPLIST_KEY_UILaunchScreen_Generation = YES;
				INFOPLIST_KEY_UISupportedInterfaceOrientations_iPad = "UIInterfaceOrientationPortrait UIInterfaceOrientationPortraitUpsideDown UIInterfaceOrientationLandscapeLeft UIInterfaceOrientationLandscapeRight";
				INFOPLIST_KEY_UISupportedInterfaceOrientations_iPhone = "UIInterfaceOrientationPortrait UIInterfaceOrientationLandscapeLeft UIInterfaceOrientationLandscapeRight";
				LD_RUNPATH_SEARCH_PATHS = (
					"$(inherited)",
					"@executable_path/Frameworks",
				);
				MARKETING_VERSION = 1.0;
				PRODUCT_BUNDLE_IDENTIFIER = biz.mobidev.HeadWayTestApp;
				PRODUCT_NAME = "$(TARGET_NAME)";
				SWIFT_EMIT_LOC_STRINGS = YES;
				SWIFT_VERSION = 5.0;
				TARGETED_DEVICE_FAMILY = "1,2";
			};
			name = Release;
		};
		CE62EB832B640281005864CC /* Debug */ = {
			isa = XCBuildConfiguration;
			buildSettings = {
				ALWAYS_EMBED_SWIFT_STANDARD_LIBRARIES = YES;
				BUNDLE_LOADER = "$(TEST_HOST)";
				CODE_SIGN_STYLE = Automatic;
				CURRENT_PROJECT_VERSION = 1;
				DEVELOPMENT_TEAM = 459R4453HJ;
				GENERATE_INFOPLIST_FILE = YES;
				IPHONEOS_DEPLOYMENT_TARGET = 17.2;
				MARKETING_VERSION = 1.0;
				PRODUCT_BUNDLE_IDENTIFIER = biz.mobidev.HeadWayTestAppTests;
				PRODUCT_NAME = "$(TARGET_NAME)";
				SWIFT_EMIT_LOC_STRINGS = NO;
				SWIFT_VERSION = 5.0;
				TARGETED_DEVICE_FAMILY = "1,2";
				TEST_HOST = "$(BUILT_PRODUCTS_DIR)/HeadWayTestApp.app/$(BUNDLE_EXECUTABLE_FOLDER_PATH)/HeadWayTestApp";
			};
			name = Debug;
		};
		CE62EB842B640281005864CC /* Release */ = {
			isa = XCBuildConfiguration;
			buildSettings = {
				ALWAYS_EMBED_SWIFT_STANDARD_LIBRARIES = YES;
				BUNDLE_LOADER = "$(TEST_HOST)";
				CODE_SIGN_STYLE = Automatic;
				CURRENT_PROJECT_VERSION = 1;
				DEVELOPMENT_TEAM = 459R4453HJ;
				GENERATE_INFOPLIST_FILE = YES;
				IPHONEOS_DEPLOYMENT_TARGET = 17.2;
				MARKETING_VERSION = 1.0;
				PRODUCT_BUNDLE_IDENTIFIER = biz.mobidev.HeadWayTestAppTests;
				PRODUCT_NAME = "$(TARGET_NAME)";
				SWIFT_EMIT_LOC_STRINGS = NO;
				SWIFT_VERSION = 5.0;
				TARGETED_DEVICE_FAMILY = "1,2";
				TEST_HOST = "$(BUILT_PRODUCTS_DIR)/HeadWayTestApp.app/$(BUNDLE_EXECUTABLE_FOLDER_PATH)/HeadWayTestApp";
			};
			name = Release;
		};
		CE62EB862B640281005864CC /* Debug */ = {
			isa = XCBuildConfiguration;
			buildSettings = {
				ALWAYS_EMBED_SWIFT_STANDARD_LIBRARIES = YES;
				CODE_SIGN_STYLE = Automatic;
				CURRENT_PROJECT_VERSION = 1;
				DEVELOPMENT_TEAM = 459R4453HJ;
				GENERATE_INFOPLIST_FILE = YES;
				MARKETING_VERSION = 1.0;
				PRODUCT_BUNDLE_IDENTIFIER = biz.mobidev.HeadWayTestAppUITests;
				PRODUCT_NAME = "$(TARGET_NAME)";
				SWIFT_EMIT_LOC_STRINGS = NO;
				SWIFT_VERSION = 5.0;
				TARGETED_DEVICE_FAMILY = "1,2";
				TEST_TARGET_NAME = HeadWayTestApp;
			};
			name = Debug;
		};
		CE62EB872B640281005864CC /* Release */ = {
			isa = XCBuildConfiguration;
			buildSettings = {
				ALWAYS_EMBED_SWIFT_STANDARD_LIBRARIES = YES;
				CODE_SIGN_STYLE = Automatic;
				CURRENT_PROJECT_VERSION = 1;
				DEVELOPMENT_TEAM = 459R4453HJ;
				GENERATE_INFOPLIST_FILE = YES;
				MARKETING_VERSION = 1.0;
				PRODUCT_BUNDLE_IDENTIFIER = biz.mobidev.HeadWayTestAppUITests;
				PRODUCT_NAME = "$(TARGET_NAME)";
				SWIFT_EMIT_LOC_STRINGS = NO;
				SWIFT_VERSION = 5.0;
				TARGETED_DEVICE_FAMILY = "1,2";
				TEST_TARGET_NAME = HeadWayTestApp;
			};
			name = Release;
		};
/* End XCBuildConfiguration section */

/* Begin XCConfigurationList section */
		CE62EB562B64027D005864CC /* Build configuration list for PBXProject "HeadWayTestApp" */ = {
			isa = XCConfigurationList;
			buildConfigurations = (
				CE62EB7D2B640281005864CC /* Debug */,
				CE62EB7E2B640281005864CC /* Release */,
			);
			defaultConfigurationIsVisible = 0;
			defaultConfigurationName = Release;
		};
		CE62EB7F2B640281005864CC /* Build configuration list for PBXNativeTarget "HeadWayTestApp" */ = {
			isa = XCConfigurationList;
			buildConfigurations = (
				CE62EB802B640281005864CC /* Debug */,
				CE62EB812B640281005864CC /* Release */,
			);
			defaultConfigurationIsVisible = 0;
			defaultConfigurationName = Release;
		};
		CE62EB822B640281005864CC /* Build configuration list for PBXNativeTarget "HeadWayTestAppTests" */ = {
			isa = XCConfigurationList;
			buildConfigurations = (
				CE62EB832B640281005864CC /* Debug */,
				CE62EB842B640281005864CC /* Release */,
			);
			defaultConfigurationIsVisible = 0;
			defaultConfigurationName = Release;
		};
		CE62EB852B640281005864CC /* Build configuration list for PBXNativeTarget "HeadWayTestAppUITests" */ = {
			isa = XCConfigurationList;
			buildConfigurations = (
				CE62EB862B640281005864CC /* Debug */,
				CE62EB872B640281005864CC /* Release */,
			);
			defaultConfigurationIsVisible = 0;
			defaultConfigurationName = Release;
		};
/* End XCConfigurationList section */

/* Begin XCRemoteSwiftPackageReference section */
		CE62EB8B2B66724B005864CC /* XCRemoteSwiftPackageReference "swift-composable-architecture" */ = {
			isa = XCRemoteSwiftPackageReference;
			repositoryURL = "https://github.com/pointfreeco/swift-composable-architecture";
			requirement = {
				kind = upToNextMajorVersion;
				minimumVersion = 1.6.0;
			};
		};
/* End XCRemoteSwiftPackageReference section */

/* Begin XCSwiftPackageProductDependency section */
		CE62EB8C2B66724B005864CC /* ComposableArchitecture */ = {
			isa = XCSwiftPackageProductDependency;
			package = CE62EB8B2B66724B005864CC /* XCRemoteSwiftPackageReference "swift-composable-architecture" */;
			productName = ComposableArchitecture;
		};
/* End XCSwiftPackageProductDependency section */
	};
	rootObject = CE62EB532B64027D005864CC /* Project object */;
}
